
Microsoft Visual Studio Solution File, Format Version 12.00
# Visual Studio Version 17
VisualStudioVersion = 17.7.34221.43
MinimumVisualStudioVersion = 10.0.40219.1
Project("{FAE04EC0-301F-11D3-BF4B-00C04F79EFBC}") = "functions-day6", "functions-day6\functions-day6.csproj", "{C5D1A10E-6DA4-4EF2-8D67-53BA60DB33F9}"
EndProject
Global
	GlobalSection(SolutionConfigurationPlatforms) = preSolution
		Debug|Any CPU = Debug|Any CPU
		Release|Any CPU = Release|Any CPU
	EndGlobalSection
	GlobalSection(ProjectConfigurationPlatforms) = postSolution
		{C5D1A10E-6DA4-4EF2-8D67-53BA60DB33F9}.Debug|Any CPU.ActiveCfg = Debug|Any CPU
		{C5D1A10E-6DA4-4EF2-8D67-53BA60DB33F9}.Debug|Any CPU.Build.0 = Debug|Any CPU
		{C5D1A10E-6DA4-4EF2-8D67-53BA60DB33F9}.Release|Any CPU.ActiveCfg = Release|Any CPU
		{C5D1A10E-6DA4-4EF2-8D67-53BA60DB33F9}.Release|Any CPU.Build.0 = Release|Any CPU
	EndGlobalSection
	GlobalSection(SolutionProperties) = preSolution
		HideSolutionNode = FALSE
	EndGlobalSection
	GlobalSection(ExtensibilityGlobals) = postSolution
		SolutionGuid = {3B1C0635-3665-461F-8E19-67DCE8C2B8AE}
	EndGlobalSection
EndGlobal
