
Microsoft Visual Studio Solution File, Format Version 12.00
# Visual Studio Version 17
VisualStudioVersion = 17.7.34221.43
MinimumVisualStudioVersion = 10.0.40219.1
Project("{FAE04EC0-301F-11D3-BF4B-00C04F79EFBC}") = "database connection", "database connection\database connection.csproj", "{37051934-BB41-4FB5-9D12-D6B8A341CE4C}"
EndProject
Global
	GlobalSection(SolutionConfigurationPlatforms) = preSolution
		Debug|Any CPU = Debug|Any CPU
		Release|Any CPU = Release|Any CPU
	EndGlobalSection
	GlobalSection(ProjectConfigurationPlatforms) = postSolution
		{37051934-BB41-4FB5-9D12-D6B8A341CE4C}.Debug|Any CPU.ActiveCfg = Debug|Any CPU
		{37051934-BB41-4FB5-9D12-D6B8A341CE4C}.Debug|Any CPU.Build.0 = Debug|Any CPU
		{37051934-BB41-4FB5-9D12-D6B8A341CE4C}.Release|Any CPU.ActiveCfg = Release|Any CPU
		{37051934-BB41-4FB5-9D12-D6B8A341CE4C}.Release|Any CPU.Build.0 = Release|Any CPU
	EndGlobalSection
	GlobalSection(SolutionProperties) = preSolution
		HideSolutionNode = FALSE
	EndGlobalSection
	GlobalSection(ExtensibilityGlobals) = postSolution
		SolutionGuid = {D70306F2-0E03-4AEE-8C68-CC180B2BEBFE}
	EndGlobalSection
EndGlobal
