
Microsoft Visual Studio Solution File, Format Version 12.00
# Visual Studio Version 17
VisualStudioVersion = 17.7.34221.43
MinimumVisualStudioVersion = 10.0.40219.1
Project("{FAE04EC0-301F-11D3-BF4B-00C04F79EFBC}") = "oobj practice", "oobj practice\oobj practice.csproj", "{B82C99AB-60CB-425F-B174-529D0BB72B68}"
EndProject
Global
	GlobalSection(SolutionConfigurationPlatforms) = preSolution
		Debug|Any CPU = Debug|Any CPU
		Release|Any CPU = Release|Any CPU
	EndGlobalSection
	GlobalSection(ProjectConfigurationPlatforms) = postSolution
		{B82C99AB-60CB-425F-B174-529D0BB72B68}.Debug|Any CPU.ActiveCfg = Debug|Any CPU
		{B82C99AB-60CB-425F-B174-529D0BB72B68}.Debug|Any CPU.Build.0 = Debug|Any CPU
		{B82C99AB-60CB-425F-B174-529D0BB72B68}.Release|Any CPU.ActiveCfg = Release|Any CPU
		{B82C99AB-60CB-425F-B174-529D0BB72B68}.Release|Any CPU.Build.0 = Release|Any CPU
	EndGlobalSection
	GlobalSection(SolutionProperties) = preSolution
		HideSolutionNode = FALSE
	EndGlobalSection
	GlobalSection(ExtensibilityGlobals) = postSolution
		SolutionGuid = {9CE492CE-D931-4F4A-9BC8-CDF4A32D6426}
	EndGlobalSection
EndGlobal
