
Microsoft Visual Studio Solution File, Format Version 12.00
# Visual Studio Version 17
VisualStudioVersion = 17.7.34221.43
MinimumVisualStudioVersion = 10.0.40219.1
Project("{FAE04EC0-301F-11D3-BF4B-00C04F79EFBC}") = "Day6", "Day6\Day6.csproj", "{92DC8471-EB7E-4B60-ABA6-C711EAC8A741}"
EndProject
Global
	GlobalSection(SolutionConfigurationPlatforms) = preSolution
		Debug|Any CPU = Debug|Any CPU
		Release|Any CPU = Release|Any CPU
	EndGlobalSection
	GlobalSection(ProjectConfigurationPlatforms) = postSolution
		{92DC8471-EB7E-4B60-ABA6-C711EAC8A741}.Debug|Any CPU.ActiveCfg = Debug|Any CPU
		{92DC8471-EB7E-4B60-ABA6-C711EAC8A741}.Debug|Any CPU.Build.0 = Debug|Any CPU
		{92DC8471-EB7E-4B60-ABA6-C711EAC8A741}.Release|Any CPU.ActiveCfg = Release|Any CPU
		{92DC8471-EB7E-4B60-ABA6-C711EAC8A741}.Release|Any CPU.Build.0 = Release|Any CPU
	EndGlobalSection
	GlobalSection(SolutionProperties) = preSolution
		HideSolutionNode = FALSE
	EndGlobalSection
	GlobalSection(ExtensibilityGlobals) = postSolution
		SolutionGuid = {5C575E06-D21F-416A-94B9-3F4914422665}
	EndGlobalSection
EndGlobal
