
Microsoft Visual Studio Solution File, Format Version 12.00
# Visual Studio Version 17
VisualStudioVersion = 17.7.34221.43
MinimumVisualStudioVersion = 10.0.40219.1
Project("{FAE04EC0-301F-11D3-BF4B-00C04F79EFBC}") = "Week2 - Homework 2", "Week2 - Homework 2\Week2 - Homework 2.csproj", "{56550831-320C-4099-95B2-9DD95CE3F7D0}"
EndProject
Global
	GlobalSection(SolutionConfigurationPlatforms) = preSolution
		Debug|Any CPU = Debug|Any CPU
		Release|Any CPU = Release|Any CPU
	EndGlobalSection
	GlobalSection(ProjectConfigurationPlatforms) = postSolution
		{56550831-320C-4099-95B2-9DD95CE3F7D0}.Debug|Any CPU.ActiveCfg = Debug|Any CPU
		{56550831-320C-4099-95B2-9DD95CE3F7D0}.Debug|Any CPU.Build.0 = Debug|Any CPU
		{56550831-320C-4099-95B2-9DD95CE3F7D0}.Release|Any CPU.ActiveCfg = Release|Any CPU
		{56550831-320C-4099-95B2-9DD95CE3F7D0}.Release|Any CPU.Build.0 = Release|Any CPU
	EndGlobalSection
	GlobalSection(SolutionProperties) = preSolution
		HideSolutionNode = FALSE
	EndGlobalSection
	GlobalSection(ExtensibilityGlobals) = postSolution
		SolutionGuid = {C786A0BB-3F95-44D9-8AF7-A910C8F5F2BF}
	EndGlobalSection
EndGlobal
