
Microsoft Visual Studio Solution File, Format Version 12.00
# Visual Studio Version 17
VisualStudioVersion = 17.7.34221.43
MinimumVisualStudioVersion = 10.0.40219.1
Project("{FAE04EC0-301F-11D3-BF4B-00C04F79EFBC}") = "Arrays", "Arrays\Arrays.csproj", "{C2423E82-0587-452C-B226-8D70891929CE}"
EndProject
Global
	GlobalSection(SolutionConfigurationPlatforms) = preSolution
		Debug|Any CPU = Debug|Any CPU
		Release|Any CPU = Release|Any CPU
	EndGlobalSection
	GlobalSection(ProjectConfigurationPlatforms) = postSolution
		{C2423E82-0587-452C-B226-8D70891929CE}.Debug|Any CPU.ActiveCfg = Debug|Any CPU
		{C2423E82-0587-452C-B226-8D70891929CE}.Debug|Any CPU.Build.0 = Debug|Any CPU
		{C2423E82-0587-452C-B226-8D70891929CE}.Release|Any CPU.ActiveCfg = Release|Any CPU
		{C2423E82-0587-452C-B226-8D70891929CE}.Release|Any CPU.Build.0 = Release|Any CPU
	EndGlobalSection
	GlobalSection(SolutionProperties) = preSolution
		HideSolutionNode = FALSE
	EndGlobalSection
	GlobalSection(ExtensibilityGlobals) = postSolution
		SolutionGuid = {275A46E1-E91B-4123-90D1-9B53E53D2131}
	EndGlobalSection
EndGlobal
