
Microsoft Visual Studio Solution File, Format Version 12.00
# Visual Studio Version 17
VisualStudioVersion = 17.7.34221.43
MinimumVisualStudioVersion = 10.0.40219.1
Project("{FAE04EC0-301F-11D3-BF4B-00C04F79EFBC}") = "inheritance", "inheritance\inheritance.csproj", "{F0FE1337-6198-4C40-8B57-67B97DEDABCF}"
EndProject
Global
	GlobalSection(SolutionConfigurationPlatforms) = preSolution
		Debug|Any CPU = Debug|Any CPU
		Release|Any CPU = Release|Any CPU
	EndGlobalSection
	GlobalSection(ProjectConfigurationPlatforms) = postSolution
		{F0FE1337-6198-4C40-8B57-67B97DEDABCF}.Debug|Any CPU.ActiveCfg = Debug|Any CPU
		{F0FE1337-6198-4C40-8B57-67B97DEDABCF}.Debug|Any CPU.Build.0 = Debug|Any CPU
		{F0FE1337-6198-4C40-8B57-67B97DEDABCF}.Release|Any CPU.ActiveCfg = Release|Any CPU
		{F0FE1337-6198-4C40-8B57-67B97DEDABCF}.Release|Any CPU.Build.0 = Release|Any CPU
	EndGlobalSection
	GlobalSection(SolutionProperties) = preSolution
		HideSolutionNode = FALSE
	EndGlobalSection
	GlobalSection(ExtensibilityGlobals) = postSolution
		SolutionGuid = {CD1CD101-4362-4F7F-81CC-CE45DF88EC3C}
	EndGlobalSection
EndGlobal
